
Microsoft Visual Studio Solution File, Format Version 9.00
# Visual Studio 2005
Project("{8BC9CEB8-8B4A-11D0-8D11-00A0C91BC942}") = "xo", "xo.vcproj", "{1622E037-D5FE-4A47-9785-7666C8A6D49F}"
EndProject
Global
	GlobalSection(SolutionConfigurationPlatforms) = preSolution
		Debug|Win32 = Debug|Win32
		Release|Win32 = Release|Win32
	EndGlobalSection
	GlobalSection(ProjectConfigurationPlatforms) = postSolution
		{1622E037-D5FE-4A47-9785-7666C8A6D49F}.Debug|Win32.ActiveCfg = Debug|Win32
		{1622E037-D5FE-4A47-9785-7666C8A6D49F}.Debug|Win32.Build.0 = Debug|Win32
		{1622E037-D5FE-4A47-9785-7666C8A6D49F}.Release|Win32.ActiveCfg = Release|Win32
		{1622E037-D5FE-4A47-9785-7666C8A6D49F}.Release|Win32.Build.0 = Release|Win32
	EndGlobalSection
	GlobalSection(SolutionProperties) = preSolution
		HideSolutionNode = FALSE
	EndGlobalSection
EndGlobal
